
Microsoft Visual Studio Solution File, Format Version 12.00
# Visual Studio Version 17
VisualStudioVersion = 17.10.35027.167
MinimumVisualStudioVersion = 10.0.40219.1
Project("{9A19103F-16F7-4668-BE54-9A1E7A4F7556}") = "SKRO_server", "Server\SKRO_server.csproj", "{35B4F6D6-9BBB-4072-95E2-AA1CCA7694D3}"
EndProject
Global
	GlobalSection(SolutionConfigurationPlatforms) = preSolution
		Debug|Any CPU = Debug|Any CPU
		Release|Any CPU = Release|Any CPU
	EndGlobalSection
	GlobalSection(ProjectConfigurationPlatforms) = postSolution
		{35B4F6D6-9BBB-4072-95E2-AA1CCA7694D3}.Debug|Any CPU.ActiveCfg = Debug|Any CPU
		{35B4F6D6-9BBB-4072-95E2-AA1CCA7694D3}.Debug|Any CPU.Build.0 = Debug|Any CPU
		{35B4F6D6-9BBB-4072-95E2-AA1CCA7694D3}.Release|Any CPU.ActiveCfg = Release|Any CPU
		{35B4F6D6-9BBB-4072-95E2-AA1CCA7694D3}.Release|Any CPU.Build.0 = Release|Any CPU
	EndGlobalSection
	GlobalSection(SolutionProperties) = preSolution
		HideSolutionNode = FALSE
	EndGlobalSection
	GlobalSection(ExtensibilityGlobals) = postSolution
		SolutionGuid = {9421F19D-1427-4385-8C71-D24D8683BAAF}
	EndGlobalSection
EndGlobal
