
Microsoft Visual Studio Solution File, Format Version 12.00
# Visual Studio Version 17
VisualStudioVersion = 17.10.35027.167
MinimumVisualStudioVersion = 10.0.40219.1
Project("{FAE04EC0-301F-11D3-BF4B-00C04F79EFBC}") = "RemoteApp", "RemoteApp\RemoteApp.csproj", "{837ACEFF-9512-474C-83D4-04C48C29B970}"
EndProject
Global
	GlobalSection(SolutionConfigurationPlatforms) = preSolution
		Debug|Any CPU = Debug|Any CPU
		Release|Any CPU = Release|Any CPU
	EndGlobalSection
	GlobalSection(ProjectConfigurationPlatforms) = postSolution
		{837ACEFF-9512-474C-83D4-04C48C29B970}.Debug|Any CPU.ActiveCfg = Debug|Any CPU
		{837ACEFF-9512-474C-83D4-04C48C29B970}.Debug|Any CPU.Build.0 = Debug|Any CPU
		{837ACEFF-9512-474C-83D4-04C48C29B970}.Release|Any CPU.ActiveCfg = Release|Any CPU
		{837ACEFF-9512-474C-83D4-04C48C29B970}.Release|Any CPU.Build.0 = Release|Any CPU
	EndGlobalSection
	GlobalSection(SolutionProperties) = preSolution
		HideSolutionNode = FALSE
	EndGlobalSection
	GlobalSection(ExtensibilityGlobals) = postSolution
		SolutionGuid = {1B3715A3-99DD-43B6-ABA6-B75243BE8764}
	EndGlobalSection
EndGlobal
